
Microsoft Visual Studio Solution File, Format Version 12.00
# Visual Studio Version 16
VisualStudioVersion = 16.0.30804.86
MinimumVisualStudioVersion = 10.0.40219.1
Project("{FAE04EC0-301F-11D3-BF4B-00C04F79EFBC}") = "SimpleWeather", "SimpleWeather\SimpleWeather.csproj", "{9338C60D-BC9E-41F4-8115-26A0F76AEC12}"
EndProject
Global
	GlobalSection(SolutionConfigurationPlatforms) = preSolution
		Debug|Any CPU = Debug|Any CPU
		Release|Any CPU = Release|Any CPU
	EndGlobalSection
	GlobalSection(ProjectConfigurationPlatforms) = postSolution
		{9338C60D-BC9E-41F4-8115-26A0F76AEC12}.Debug|Any CPU.ActiveCfg = Debug|Any CPU
		{9338C60D-BC9E-41F4-8115-26A0F76AEC12}.Debug|Any CPU.Build.0 = Debug|Any CPU
		{9338C60D-BC9E-41F4-8115-26A0F76AEC12}.Release|Any CPU.ActiveCfg = Release|Any CPU
		{9338C60D-BC9E-41F4-8115-26A0F76AEC12}.Release|Any CPU.Build.0 = Release|Any CPU
	EndGlobalSection
	GlobalSection(SolutionProperties) = preSolution
		HideSolutionNode = FALSE
	EndGlobalSection
	GlobalSection(ExtensibilityGlobals) = postSolution
		SolutionGuid = {5E58CD62-F4A4-4030-98D9-49B953E56A00}
	EndGlobalSection
EndGlobal
